// !$*UTF8*$!
{
	archiveVersion = 1;
	classes = {
	};
	objectVersion = 46;
	objects = {

/* Begin PBXBuildFile section */
		5EA6FA5E8C8DEE5884AA716B /* Pods_Hamburger.framework in Frameworks */ = {isa = PBXBuildFile; fileRef = 8FB2EEC8669B271624496AC7 /* Pods_Hamburger.framework */; };
		A00AC3F81EADD8C700D736EC /* UserTableViewCell.swift in Sources */ = {isa = PBXBuildFile; fileRef = A00AC3F71EADD8C700D736EC /* UserTableViewCell.swift */; };
		A00CF9D71EAB0B6E00C36A04 /* MenuViewController.swift in Sources */ = {isa = PBXBuildFile; fileRef = A00CF9D61EAB0B6E00C36A04 /* MenuViewController.swift */; };
		A00CF9D91EAB0B7C00C36A04 /* GreenViewController.swift in Sources */ = {isa = PBXBuildFile; fileRef = A00CF9D81EAB0B7C00C36A04 /* GreenViewController.swift */; };
		A00CF9DB1EAB0B8900C36A04 /* PinkViewController.swift in Sources */ = {isa = PBXBuildFile; fileRef = A00CF9DA1EAB0B8900C36A04 /* PinkViewController.swift */; };
		A00CF9DD1EAB0B9400C36A04 /* BlueViewController.swift in Sources */ = {isa = PBXBuildFile; fileRef = A00CF9DC1EAB0B9400C36A04 /* BlueViewController.swift */; };
		A00CF9E01EAB1A2100C36A04 /* MenuCell.swift in Sources */ = {isa = PBXBuildFile; fileRef = A00CF9DF1EAB1A2100C36A04 /* MenuCell.swift */; };
		A00CF9E51EAB2FCA00C36A04 /* Circled User Male-64.png in Resources */ = {isa = PBXBuildFile; fileRef = A00CF9E11EAB2FCA00C36A04 /* Circled User Male-64.png */; };
		A00CF9E61EAB2FCA00C36A04 /* VIP-40.png in Resources */ = {isa = PBXBuildFile; fileRef = A00CF9E21EAB2FCA00C36A04 /* VIP-40.png */; };
		A00CF9E71EAB2FCA00C36A04 /* Timeline-48.png in Resources */ = {isa = PBXBuildFile; fileRef = A00CF9E31EAB2FCA00C36A04 /* Timeline-48.png */; };
		A00CF9E81EAB2FCA00C36A04 /* Circled User Male Filled-50.png in Resources */ = {isa = PBXBuildFile; fileRef = A00CF9E41EAB2FCA00C36A04 /* Circled User Male Filled-50.png */; };
		A00DBD261EADCF47005C5DC7 /* logout.png in Resources */ = {isa = PBXBuildFile; fileRef = A00DBD251EADCF47005C5DC7 /* logout.png */; };
		A00DBD281EADD02A005C5DC7 /* LogoutViewController.swift in Sources */ = {isa = PBXBuildFile; fileRef = A00DBD271EADD02A005C5DC7 /* LogoutViewController.swift */; };
		A00DBD2A1EADD611005C5DC7 /* UserViewController.swift in Sources */ = {isa = PBXBuildFile; fileRef = A00DBD291EADD611005C5DC7 /* UserViewController.swift */; };
		A01AE7131EAC6B8900C86F23 /* MentionsTweetViewCell.swift in Sources */ = {isa = PBXBuildFile; fileRef = A01AE7121EAC6B8900C86F23 /* MentionsTweetViewCell.swift */; };
		A04DA1B91EABE97F00331BF0 /* TwitterClient.swift in Sources */ = {isa = PBXBuildFile; fileRef = A04DA1B81EABE97F00331BF0 /* TwitterClient.swift */; };
		A04DA1BB1EABE9B700331BF0 /* User.swift in Sources */ = {isa = PBXBuildFile; fileRef = A04DA1BA1EABE9B700331BF0 /* User.swift */; };
		A04DA1BD1EABE9C100331BF0 /* Tweet.swift in Sources */ = {isa = PBXBuildFile; fileRef = A04DA1BC1EABE9C100331BF0 /* Tweet.swift */; };
		A04DA1BF1EABEC9D00331BF0 /* LoginViewController.swift in Sources */ = {isa = PBXBuildFile; fileRef = A04DA1BE1EABEC9D00331BF0 /* LoginViewController.swift */; };
		A04DA1C31EAC1A5400331BF0 /* favorite_hover.png in Resources */ = {isa = PBXBuildFile; fileRef = A04DA1C01EAC1A5400331BF0 /* favorite_hover.png */; };
		A04DA1C41EAC1A5400331BF0 /* reply_hover.png in Resources */ = {isa = PBXBuildFile; fileRef = A04DA1C11EAC1A5400331BF0 /* reply_hover.png */; };
		A04DA1C51EAC1A5400331BF0 /* retweet.png in Resources */ = {isa = PBXBuildFile; fileRef = A04DA1C21EAC1A5400331BF0 /* retweet.png */; };
		A04DA1C91EAC1D4A00331BF0 /* TweetViewCell.swift in Sources */ = {isa = PBXBuildFile; fileRef = A04DA1C81EAC1D4A00331BF0 /* TweetViewCell.swift */; };
		A04DA1CB1EAC290200331BF0 /* ProfileTweetViewCell.swift in Sources */ = {isa = PBXBuildFile; fileRef = A04DA1CA1EAC290200331BF0 /* ProfileTweetViewCell.swift */; };
		A0DA239B1EAABEBA00177DBE /* AppDelegate.swift in Sources */ = {isa = PBXBuildFile; fileRef = A0DA239A1EAABEBA00177DBE /* AppDelegate.swift */; };
		A0DA23A01EAABEBA00177DBE /* Main.storyboard in Resources */ = {isa = PBXBuildFile; fileRef = A0DA239E1EAABEBA00177DBE /* Main.storyboard */; };
		A0DA23A21EAABEBA00177DBE /* Assets.xcassets in Resources */ = {isa = PBXBuildFile; fileRef = A0DA23A11EAABEBA00177DBE /* Assets.xcassets */; };
		A0DA23A51EAABEBA00177DBE /* LaunchScreen.storyboard in Resources */ = {isa = PBXBuildFile; fileRef = A0DA23A31EAABEBA00177DBE /* LaunchScreen.storyboard */; };
		A0DA23AE1EAABF7900177DBE /* HamburgerViewController.swift in Sources */ = {isa = PBXBuildFile; fileRef = A0DA23AD1EAABF7900177DBE /* HamburgerViewController.swift */; };
/* End PBXBuildFile section */

/* Begin PBXFileReference section */
		254C8F5EF027D64FA56B269E /* Pods-Hamburger.release.xcconfig */ = {isa = PBXFileReference; includeInIndex = 1; lastKnownFileType = text.xcconfig; name = "Pods-Hamburger.release.xcconfig"; path = "Pods/Target Support Files/Pods-Hamburger/Pods-Hamburger.release.xcconfig"; sourceTree = "<group>"; };
		8FB2EEC8669B271624496AC7 /* Pods_Hamburger.framework */ = {isa = PBXFileReference; explicitFileType = wrapper.framework; includeInIndex = 0; path = Pods_Hamburger.framework; sourceTree = BUILT_PRODUCTS_DIR; };
		A00AC3F71EADD8C700D736EC /* UserTableViewCell.swift */ = {isa = PBXFileReference; fileEncoding = 4; lastKnownFileType = sourcecode.swift; path = UserTableViewCell.swift; sourceTree = "<group>"; };
		A00CF9D61EAB0B6E00C36A04 /* MenuViewController.swift */ = {isa = PBXFileReference; fileEncoding = 4; lastKnownFileType = sourcecode.swift; path = MenuViewController.swift; sourceTree = "<group>"; };
		A00CF9D81EAB0B7C00C36A04 /* GreenViewController.swift */ = {isa = PBXFileReference; fileEncoding = 4; lastKnownFileType = sourcecode.swift; path = GreenViewController.swift; sourceTree = "<group>"; };
		A00CF9DA1EAB0B8900C36A04 /* PinkViewController.swift */ = {isa = PBXFileReference; fileEncoding = 4; lastKnownFileType = sourcecode.swift; path = PinkViewController.swift; sourceTree = "<group>"; };
		A00CF9DC1EAB0B9400C36A04 /* BlueViewController.swift */ = {isa = PBXFileReference; fileEncoding = 4; lastKnownFileType = sourcecode.swift; path = BlueViewController.swift; sourceTree = "<group>"; };
		A00CF9DF1EAB1A2100C36A04 /* MenuCell.swift */ = {isa = PBXFileReference; fileEncoding = 4; lastKnownFileType = sourcecode.swift; path = MenuCell.swift; sourceTree = "<group>"; };
		A00CF9E11EAB2FCA00C36A04 /* Circled User Male-64.png */ = {isa = PBXFileReference; lastKnownFileType = image.png; name = "Circled User Male-64.png"; path = "Assets.xcassets/Circled User Male-64.png"; sourceTree = "<group>"; };
		A00CF9E21EAB2FCA00C36A04 /* VIP-40.png */ = {isa = PBXFileReference; lastKnownFileType = image.png; name = "VIP-40.png"; path = "Assets.xcassets/VIP-40.png"; sourceTree = "<group>"; };
		A00CF9E31EAB2FCA00C36A04 /* Timeline-48.png */ = {isa = PBXFileReference; lastKnownFileType = image.png; name = "Timeline-48.png"; path = "Assets.xcassets/Timeline-48.png"; sourceTree = "<group>"; };
		A00CF9E41EAB2FCA00C36A04 /* Circled User Male Filled-50.png */ = {isa = PBXFileReference; lastKnownFileType = image.png; name = "Circled User Male Filled-50.png"; path = "Assets.xcassets/Circled User Male Filled-50.png"; sourceTree = "<group>"; };
		A00DBD251EADCF47005C5DC7 /* logout.png */ = {isa = PBXFileReference; lastKnownFileType = image.png; name = logout.png; path = Assets.xcassets/logout.png; sourceTree = "<group>"; };
		A00DBD271EADD02A005C5DC7 /* LogoutViewController.swift */ = {isa = PBXFileReference; fileEncoding = 4; lastKnownFileType = sourcecode.swift; path = LogoutViewController.swift; sourceTree = "<group>"; };
		A00DBD291EADD611005C5DC7 /* UserViewController.swift */ = {isa = PBXFileReference; fileEncoding = 4; lastKnownFileType = sourcecode.swift; path = UserViewController.swift; sourceTree = "<group>"; };
		A01AE7121EAC6B8900C86F23 /* MentionsTweetViewCell.swift */ = {isa = PBXFileReference; fileEncoding = 4; lastKnownFileType = sourcecode.swift; path = MentionsTweetViewCell.swift; sourceTree = "<group>"; };
		A04DA1B81EABE97F00331BF0 /* TwitterClient.swift */ = {isa = PBXFileReference; fileEncoding = 4; lastKnownFileType = sourcecode.swift; path = TwitterClient.swift; sourceTree = "<group>"; };
		A04DA1BA1EABE9B700331BF0 /* User.swift */ = {isa = PBXFileReference; fileEncoding = 4; lastKnownFileType = sourcecode.swift; path = User.swift; sourceTree = "<group>"; };
		A04DA1BC1EABE9C100331BF0 /* Tweet.swift */ = {isa = PBXFileReference; fileEncoding = 4; lastKnownFileType = sourcecode.swift; path = Tweet.swift; sourceTree = "<group>"; };
		A04DA1BE1EABEC9D00331BF0 /* LoginViewController.swift */ = {isa = PBXFileReference; fileEncoding = 4; lastKnownFileType = sourcecode.swift; path = LoginViewController.swift; sourceTree = "<group>"; };
		A04DA1C01EAC1A5400331BF0 /* favorite_hover.png */ = {isa = PBXFileReference; lastKnownFileType = image.png; name = favorite_hover.png; path = Assets.xcassets/favorite_hover.png; sourceTree = "<group>"; };
		A04DA1C11EAC1A5400331BF0 /* reply_hover.png */ = {isa = PBXFileReference; lastKnownFileType = image.png; name = reply_hover.png; path = Assets.xcassets/reply_hover.png; sourceTree = "<group>"; };
		A04DA1C21EAC1A5400331BF0 /* retweet.png */ = {isa = PBXFileReference; lastKnownFileType = image.png; name = retweet.png; path = Assets.xcassets/retweet.png; sourceTree = "<group>"; };
		A04DA1C81EAC1D4A00331BF0 /* TweetViewCell.swift */ = {isa = PBXFileReference; fileEncoding = 4; lastKnownFileType = sourcecode.swift; path = TweetViewCell.swift; sourceTree = "<group>"; };
		A04DA1CA1EAC290200331BF0 /* ProfileTweetViewCell.swift */ = {isa = PBXFileReference; fileEncoding = 4; lastKnownFileType = sourcecode.swift; path = ProfileTweetViewCell.swift; sourceTree = "<group>"; };
		A0DA23971EAABEBA00177DBE /* Hamburger.app */ = {isa = PBXFileReference; explicitFileType = wrapper.application; includeInIndex = 0; path = Hamburger.app; sourceTree = BUILT_PRODUCTS_DIR; };
		A0DA239A1EAABEBA00177DBE /* AppDelegate.swift */ = {isa = PBXFileReference; lastKnownFileType = sourcecode.swift; path = AppDelegate.swift; sourceTree = "<group>"; };
		A0DA239F1EAABEBA00177DBE /* Base */ = {isa = PBXFileReference; lastKnownFileType = file.storyboard; name = Base; path = Base.lproj/Main.storyboard; sourceTree = "<group>"; };
		A0DA23A11EAABEBA00177DBE /* Assets.xcassets */ = {isa = PBXFileReference; lastKnownFileType = folder.assetcatalog; path = Assets.xcassets; sourceTree = "<group>"; };
		A0DA23A41EAABEBA00177DBE /* Base */ = {isa = PBXFileReference; lastKnownFileType = file.storyboard; name = Base; path = Base.lproj/LaunchScreen.storyboard; sourceTree = "<group>"; };
		A0DA23A61EAABEBA00177DBE /* Info.plist */ = {isa = PBXFileReference; lastKnownFileType = text.plist.xml; path = Info.plist; sourceTree = "<group>"; };
		A0DA23AD1EAABF7900177DBE /* HamburgerViewController.swift */ = {isa = PBXFileReference; fileEncoding = 4; lastKnownFileType = sourcecode.swift; path = HamburgerViewController.swift; sourceTree = "<group>"; };
		FFF375061796FD2C26DA9A4E /* Pods-Hamburger.debug.xcconfig */ = {isa = PBXFileReference; includeInIndex = 1; lastKnownFileType = text.xcconfig; name = "Pods-Hamburger.debug.xcconfig"; path = "Pods/Target Support Files/Pods-Hamburger/Pods-Hamburger.debug.xcconfig"; sourceTree = "<group>"; };
/* End PBXFileReference section */

/* Begin PBXFrameworksBuildPhase section */
		A0DA23941EAABEBA00177DBE /* Frameworks */ = {
			isa = PBXFrameworksBuildPhase;
			buildActionMask = 2147483647;
			files = (
				5EA6FA5E8C8DEE5884AA716B /* Pods_Hamburger.framework in Frameworks */,
			);
			runOnlyForDeploymentPostprocessing = 0;
		};
/* End PBXFrameworksBuildPhase section */

/* Begin PBXGroup section */
		6F536D9B3AF7B940207C36AB /* Frameworks */ = {
			isa = PBXGroup;
			children = (
				8FB2EEC8669B271624496AC7 /* Pods_Hamburger.framework */,
			);
			name = Frameworks;
			sourceTree = "<group>";
		};
		A00CF9DE1EAB19F400C36A04 /* View */ = {
			isa = PBXGroup;
			children = (
				A00CF9DF1EAB1A2100C36A04 /* MenuCell.swift */,
				A04DA1C81EAC1D4A00331BF0 /* TweetViewCell.swift */,
				A04DA1CA1EAC290200331BF0 /* ProfileTweetViewCell.swift */,
				A01AE7121EAC6B8900C86F23 /* MentionsTweetViewCell.swift */,
				A00AC3F71EADD8C700D736EC /* UserTableViewCell.swift */,
			);
			name = View;
			sourceTree = "<group>";
		};
		A04DA1B51EABE93C00331BF0 /* resources */ = {
			isa = PBXGroup;
			children = (
				A00DBD251EADCF47005C5DC7 /* logout.png */,
				A04DA1C01EAC1A5400331BF0 /* favorite_hover.png */,
				A04DA1C11EAC1A5400331BF0 /* reply_hover.png */,
				A04DA1C21EAC1A5400331BF0 /* retweet.png */,
				A00CF9E11EAB2FCA00C36A04 /* Circled User Male-64.png */,
				A00CF9E21EAB2FCA00C36A04 /* VIP-40.png */,
				A00CF9E31EAB2FCA00C36A04 /* Timeline-48.png */,
				A00CF9E41EAB2FCA00C36A04 /* Circled User Male Filled-50.png */,
			);
			name = resources;
			sourceTree = "<group>";
		};
		A04DA1B61EABE94E00331BF0 /* Client */ = {
			isa = PBXGroup;
			children = (
				A04DA1B81EABE97F00331BF0 /* TwitterClient.swift */,
			);
			name = Client;
			sourceTree = "<group>";
		};
		A04DA1B71EABE95400331BF0 /* Model */ = {
			isa = PBXGroup;
			children = (
				A04DA1BA1EABE9B700331BF0 /* User.swift */,
				A04DA1BC1EABE9C100331BF0 /* Tweet.swift */,
			);
			name = Model;
			sourceTree = "<group>";
		};
		A0DA238E1EAABEBA00177DBE = {
			isa = PBXGroup;
			children = (
				A0DA23991EAABEBA00177DBE /* Hamburger */,
				A0DA23981EAABEBA00177DBE /* Products */,
				B5DA45325A71ED6FA9307ED2 /* Pods */,
				6F536D9B3AF7B940207C36AB /* Frameworks */,
			);
			sourceTree = "<group>";
		};
		A0DA23981EAABEBA00177DBE /* Products */ = {
			isa = PBXGroup;
			children = (
				A0DA23971EAABEBA00177DBE /* Hamburger.app */,
			);
			name = Products;
			sourceTree = "<group>";
		};
		A0DA23991EAABEBA00177DBE /* Hamburger */ = {
			isa = PBXGroup;
			children = (
				A04DA1B71EABE95400331BF0 /* Model */,
				A04DA1B61EABE94E00331BF0 /* Client */,
				A04DA1B51EABE93C00331BF0 /* resources */,
				A00CF9DE1EAB19F400C36A04 /* View */,
				A0DA23AC1EAABF6800177DBE /* View Controller */,
				A0DA239A1EAABEBA00177DBE /* AppDelegate.swift */,
				A0DA239E1EAABEBA00177DBE /* Main.storyboard */,
				A0DA23A11EAABEBA00177DBE /* Assets.xcassets */,
				A0DA23A31EAABEBA00177DBE /* LaunchScreen.storyboard */,
				A0DA23A61EAABEBA00177DBE /* Info.plist */,
			);
			path = Hamburger;
			sourceTree = "<group>";
		};
		A0DA23AC1EAABF6800177DBE /* View Controller */ = {
			isa = PBXGroup;
			children = (
				A0DA23AD1EAABF7900177DBE /* HamburgerViewController.swift */,
				A00CF9D61EAB0B6E00C36A04 /* MenuViewController.swift */,
				A00CF9D81EAB0B7C00C36A04 /* GreenViewController.swift */,
				A00CF9DA1EAB0B8900C36A04 /* PinkViewController.swift */,
				A00CF9DC1EAB0B9400C36A04 /* BlueViewController.swift */,
				A04DA1BE1EABEC9D00331BF0 /* LoginViewController.swift */,
				A00DBD271EADD02A005C5DC7 /* LogoutViewController.swift */,
				A00DBD291EADD611005C5DC7 /* UserViewController.swift */,
			);
			name = "View Controller";
			sourceTree = "<group>";
		};
		B5DA45325A71ED6FA9307ED2 /* Pods */ = {
			isa = PBXGroup;
			children = (
				FFF375061796FD2C26DA9A4E /* Pods-Hamburger.debug.xcconfig */,
				254C8F5EF027D64FA56B269E /* Pods-Hamburger.release.xcconfig */,
			);
			name = Pods;
			sourceTree = "<group>";
		};
/* End PBXGroup section */

/* Begin PBXNativeTarget section */
		A0DA23961EAABEBA00177DBE /* Hamburger */ = {
			isa = PBXNativeTarget;
			buildConfigurationList = A0DA23A91EAABEBA00177DBE /* Build configuration list for PBXNativeTarget "Hamburger" */;
			buildPhases = (
				130D1F9E3060BE792FC63524 /* [CP] Check Pods Manifest.lock */,
				A0DA23931EAABEBA00177DBE /* Sources */,
				A0DA23941EAABEBA00177DBE /* Frameworks */,
				A0DA23951EAABEBA00177DBE /* Resources */,
				7CC347468420EF936064E5D0 /* [CP] Embed Pods Frameworks */,
				9F69A3C3A768861A9F031B82 /* [CP] Copy Pods Resources */,
			);
			buildRules = (
			);
			dependencies = (
			);
			name = Hamburger;
			productName = Hamburger;
			productReference = A0DA23971EAABEBA00177DBE /* Hamburger.app */;
			productType = "com.apple.product-type.application";
		};
/* End PBXNativeTarget section */

/* Begin PBXProject section */
		A0DA238F1EAABEBA00177DBE /* Project object */ = {
			isa = PBXProject;
			attributes = {
				LastSwiftUpdateCheck = 0820;
				LastUpgradeCheck = 0820;
				ORGANIZATIONNAME = "Kumawat, Diwakar";
				TargetAttributes = {
					A0DA23961EAABEBA00177DBE = {
						CreatedOnToolsVersion = 8.2.1;
						ProvisioningStyle = Automatic;
					};
				};
			};
			buildConfigurationList = A0DA23921EAABEBA00177DBE /* Build configuration list for PBXProject "Hamburger" */;
			compatibilityVersion = "Xcode 3.2";
			developmentRegion = English;
			hasScannedForEncodings = 0;
			knownRegions = (
				en,
				Base,
			);
			mainGroup = A0DA238E1EAABEBA00177DBE;
			productRefGroup = A0DA23981EAABEBA00177DBE /* Products */;
			projectDirPath = "";
			projectRoot = "";
			targets = (
				A0DA23961EAABEBA00177DBE /* Hamburger */,
			);
		};
/* End PBXProject section */

/* Begin PBXResourcesBuildPhase section */
		A0DA23951EAABEBA00177DBE /* Resources */ = {
			isa = PBXResourcesBuildPhase;
			buildActionMask = 2147483647;
			files = (
				A04DA1C31EAC1A5400331BF0 /* favorite_hover.png in Resources */,
				A0DA23A51EAABEBA00177DBE /* LaunchScreen.storyboard in Resources */,
				A0DA23A21EAABEBA00177DBE /* Assets.xcassets in Resources */,
				A04DA1C41EAC1A5400331BF0 /* reply_hover.png in Resources */,
				A00CF9E71EAB2FCA00C36A04 /* Timeline-48.png in Resources */,
				A00CF9E81EAB2FCA00C36A04 /* Circled User Male Filled-50.png in Resources */,
				A04DA1C51EAC1A5400331BF0 /* retweet.png in Resources */,
				A00DBD261EADCF47005C5DC7 /* logout.png in Resources */,
				A00CF9E61EAB2FCA00C36A04 /* VIP-40.png in Resources */,
				A00CF9E51EAB2FCA00C36A04 /* Circled User Male-64.png in Resources */,
				A0DA23A01EAABEBA00177DBE /* Main.storyboard in Resources */,
			);
			runOnlyForDeploymentPostprocessing = 0;
		};
/* End PBXResourcesBuildPhase section */

/* Begin PBXShellScriptBuildPhase section */
		130D1F9E3060BE792FC63524 /* [CP] Check Pods Manifest.lock */ = {
			isa = PBXShellScriptBuildPhase;
			buildActionMask = 2147483647;
			files = (
			);
			inputPaths = (
			);
			name = "[CP] Check Pods Manifest.lock";
			outputPaths = (
			);
			runOnlyForDeploymentPostprocessing = 0;
			shellPath = /bin/sh;
			shellScript = "diff \"${PODS_ROOT}/../Podfile.lock\" \"${PODS_ROOT}/Manifest.lock\" > /dev/null\nif [ $? != 0 ] ; then\n    # print error to STDERR\n    echo \"error: The sandbox is not in sync with the Podfile.lock. Run 'pod install' or update your CocoaPods installation.\" >&2\n    exit 1\nfi\n";
			showEnvVarsInLog = 0;
		};
		7CC347468420EF936064E5D0 /* [CP] Embed Pods Frameworks */ = {
			isa = PBXShellScriptBuildPhase;
			buildActionMask = 2147483647;
			files = (
			);
			inputPaths = (
			);
			name = "[CP] Embed Pods Frameworks";
			outputPaths = (
			);
			runOnlyForDeploymentPostprocessing = 0;
			shellPath = /bin/sh;
			shellScript = "\"${SRCROOT}/Pods/Target Support Files/Pods-Hamburger/Pods-Hamburger-frameworks.sh\"\n";
			showEnvVarsInLog = 0;
		};
		9F69A3C3A768861A9F031B82 /* [CP] Copy Pods Resources */ = {
			isa = PBXShellScriptBuildPhase;
			buildActionMask = 2147483647;
			files = (
			);
			inputPaths = (
			);
			name = "[CP] Copy Pods Resources";
			outputPaths = (
			);
			runOnlyForDeploymentPostprocessing = 0;
			shellPath = /bin/sh;
			shellScript = "\"${SRCROOT}/Pods/Target Support Files/Pods-Hamburger/Pods-Hamburger-resources.sh\"\n";
			showEnvVarsInLog = 0;
		};
/* End PBXShellScriptBuildPhase section */

/* Begin PBXSourcesBuildPhase section */
		A0DA23931EAABEBA00177DBE /* Sources */ = {
			isa = PBXSourcesBuildPhase;
			buildActionMask = 2147483647;
			files = (
				A04DA1B91EABE97F00331BF0 /* TwitterClient.swift in Sources */,
				A00DBD2A1EADD611005C5DC7 /* UserViewController.swift in Sources */,
				A04DA1CB1EAC290200331BF0 /* ProfileTweetViewCell.swift in Sources */,
				A04DA1BD1EABE9C100331BF0 /* Tweet.swift in Sources */,
				A00CF9E01EAB1A2100C36A04 /* MenuCell.swift in Sources */,
				A00CF9D91EAB0B7C00C36A04 /* GreenViewController.swift in Sources */,
				A0DA23AE1EAABF7900177DBE /* HamburgerViewController.swift in Sources */,
				A00CF9D71EAB0B6E00C36A04 /* MenuViewController.swift in Sources */,
				A01AE7131EAC6B8900C86F23 /* MentionsTweetViewCell.swift in Sources */,
				A04DA1BB1EABE9B700331BF0 /* User.swift in Sources */,
				A0DA239B1EAABEBA00177DBE /* AppDelegate.swift in Sources */,
				A00CF9DD1EAB0B9400C36A04 /* BlueViewController.swift in Sources */,
				A00CF9DB1EAB0B8900C36A04 /* PinkViewController.swift in Sources */,
				A04DA1C91EAC1D4A00331BF0 /* TweetViewCell.swift in Sources */,
				A00DBD281EADD02A005C5DC7 /* LogoutViewController.swift in Sources */,
				A00AC3F81EADD8C700D736EC /* UserTableViewCell.swift in Sources */,
				A04DA1BF1EABEC9D00331BF0 /* LoginViewController.swift in Sources */,
			);
			runOnlyForDeploymentPostprocessing = 0;
		};
/* End PBXSourcesBuildPhase section */

/* Begin PBXVariantGroup section */
		A0DA239E1EAABEBA00177DBE /* Main.storyboard */ = {
			isa = PBXVariantGroup;
			children = (
				A0DA239F1EAABEBA00177DBE /* Base */,
			);
			name = Main.storyboard;
			sourceTree = "<group>";
		};
		A0DA23A31EAABEBA00177DBE /* LaunchScreen.storyboard */ = {
			isa = PBXVariantGroup;
			children = (
				A0DA23A41EAABEBA00177DBE /* Base */,
			);
			name = LaunchScreen.storyboard;
			sourceTree = "<group>";
		};
/* End PBXVariantGroup section */

/* Begin XCBuildConfiguration section */
		A0DA23A71EAABEBA00177DBE /* Debug */ = {
			isa = XCBuildConfiguration;
			buildSettings = {
				ALWAYS_SEARCH_USER_PATHS = NO;
				CLANG_ANALYZER_NONNULL = YES;
				CLANG_CXX_LANGUAGE_STANDARD = "gnu++0x";
				CLANG_CXX_LIBRARY = "libc++";
				CLANG_ENABLE_MODULES = YES;
				CLANG_ENABLE_OBJC_ARC = YES;
				CLANG_WARN_BOOL_CONVERSION = YES;
				CLANG_WARN_CONSTANT_CONVERSION = YES;
				CLANG_WARN_DIRECT_OBJC_ISA_USAGE = YES_ERROR;
				CLANG_WARN_DOCUMENTATION_COMMENTS = YES;
				CLANG_WARN_EMPTY_BODY = YES;
				CLANG_WARN_ENUM_CONVERSION = YES;
				CLANG_WARN_INFINITE_RECURSION = YES;
				CLANG_WARN_INT_CONVERSION = YES;
				CLANG_WARN_OBJC_ROOT_CLASS = YES_ERROR;
				CLANG_WARN_SUSPICIOUS_MOVE = YES;
				CLANG_WARN_UNREACHABLE_CODE = YES;
				CLANG_WARN__DUPLICATE_METHOD_MATCH = YES;
				"CODE_SIGN_IDENTITY[sdk=iphoneos*]" = "iPhone Developer";
				COPY_PHASE_STRIP = NO;
				DEBUG_INFORMATION_FORMAT = dwarf;
				ENABLE_STRICT_OBJC_MSGSEND = YES;
				ENABLE_TESTABILITY = YES;
				GCC_C_LANGUAGE_STANDARD = gnu99;
				GCC_DYNAMIC_NO_PIC = NO;
				GCC_NO_COMMON_BLOCKS = YES;
				GCC_OPTIMIZATION_LEVEL = 0;
				GCC_PREPROCESSOR_DEFINITIONS = (
					"DEBUG=1",
					"$(inherited)",
				);
				GCC_WARN_64_TO_32_BIT_CONVERSION = YES;
				GCC_WARN_ABOUT_RETURN_TYPE = YES_ERROR;
				GCC_WARN_UNDECLARED_SELECTOR = YES;
				GCC_WARN_UNINITIALIZED_AUTOS = YES_AGGRESSIVE;
				GCC_WARN_UNUSED_FUNCTION = YES;
				GCC_WARN_UNUSED_VARIABLE = YES;
				IPHONEOS_DEPLOYMENT_TARGET = 10.2;
				MTL_ENABLE_DEBUG_INFO = YES;
				ONLY_ACTIVE_ARCH = YES;
				SDKROOT = iphoneos;
				SWIFT_ACTIVE_COMPILATION_CONDITIONS = DEBUG;
				SWIFT_OPTIMIZATION_LEVEL = "-Onone";
			};
			name = Debug;
		};
		A0DA23A81EAABEBA00177DBE /* Release */ = {
			isa = XCBuildConfiguration;
			buildSettings = {
				ALWAYS_SEARCH_USER_PATHS = NO;
				CLANG_ANALYZER_NONNULL = YES;
				CLANG_CXX_LANGUAGE_STANDARD = "gnu++0x";
				CLANG_CXX_LIBRARY = "libc++";
				CLANG_ENABLE_MODULES = YES;
				CLANG_ENABLE_OBJC_ARC = YES;
				CLANG_WARN_BOOL_CONVERSION = YES;
				CLANG_WARN_CONSTANT_CONVERSION = YES;
				CLANG_WARN_DIRECT_OBJC_ISA_USAGE = YES_ERROR;
				CLANG_WARN_DOCUMENTATION_COMMENTS = YES;
				CLANG_WARN_EMPTY_BODY = YES;
				CLANG_WARN_ENUM_CONVERSION = YES;
				CLANG_WARN_INFINITE_RECURSION = YES;
				CLANG_WARN_INT_CONVERSION = YES;
				CLANG_WARN_OBJC_ROOT_CLASS = YES_ERROR;
				CLANG_WARN_SUSPICIOUS_MOVE = YES;
				CLANG_WARN_UNREACHABLE_CODE = YES;
				CLANG_WARN__DUPLICATE_METHOD_MATCH = YES;
				"CODE_SIGN_IDENTITY[sdk=iphoneos*]" = "iPhone Developer";
				COPY_PHASE_STRIP = NO;
				DEBUG_INFORMATION_FORMAT = "dwarf-with-dsym";
				ENABLE_NS_ASSERTIONS = NO;
				ENABLE_STRICT_OBJC_MSGSEND = YES;
				GCC_C_LANGUAGE_STANDARD = gnu99;
				GCC_NO_COMMON_BLOCKS = YES;
				GCC_WARN_64_TO_32_BIT_CONVERSION = YES;
				GCC_WARN_ABOUT_RETURN_TYPE = YES_ERROR;
				GCC_WARN_UNDECLARED_SELECTOR = YES;
				GCC_WARN_UNINITIALIZED_AUTOS = YES_AGGRESSIVE;
				GCC_WARN_UNUSED_FUNCTION = YES;
				GCC_WARN_UNUSED_VARIABLE = YES;
				IPHONEOS_DEPLOYMENT_TARGET = 10.2;
				MTL_ENABLE_DEBUG_INFO = NO;
				SDKROOT = iphoneos;
				SWIFT_OPTIMIZATION_LEVEL = "-Owholemodule";
				VALIDATE_PRODUCT = YES;
			};
			name = Release;
		};
		A0DA23AA1EAABEBA00177DBE /* Debug */ = {
			isa = XCBuildConfiguration;
			baseConfigurationReference = FFF375061796FD2C26DA9A4E /* Pods-Hamburger.debug.xcconfig */;
			buildSettings = {
				ASSETCATALOG_COMPILER_APPICON_NAME = AppIcon;
				INFOPLIST_FILE = Hamburger/Info.plist;
				LD_RUNPATH_SEARCH_PATHS = "$(inherited) @executable_path/Frameworks";
				PRODUCT_BUNDLE_IDENTIFIER = Intuit.Hamburger;
				PRODUCT_NAME = "$(TARGET_NAME)";
				SWIFT_VERSION = 3.0;
			};
			name = Debug;
		};
		A0DA23AB1EAABEBA00177DBE /* Release */ = {
			isa = XCBuildConfiguration;
			baseConfigurationReference = 254C8F5EF027D64FA56B269E /* Pods-Hamburger.release.xcconfig */;
			buildSettings = {
				ASSETCATALOG_COMPILER_APPICON_NAME = AppIcon;
				INFOPLIST_FILE = Hamburger/Info.plist;
				LD_RUNPATH_SEARCH_PATHS = "$(inherited) @executable_path/Frameworks";
				PRODUCT_BUNDLE_IDENTIFIER = Intuit.Hamburger;
				PRODUCT_NAME = "$(TARGET_NAME)";
				SWIFT_VERSION = 3.0;
			};
			name = Release;
		};
/* End XCBuildConfiguration section */

/* Begin XCConfigurationList section */
		A0DA23921EAABEBA00177DBE /* Build configuration list for PBXProject "Hamburger" */ = {
			isa = XCConfigurationList;
			buildConfigurations = (
				A0DA23A71EAABEBA00177DBE /* Debug */,
				A0DA23A81EAABEBA00177DBE /* Release */,
			);
			defaultConfigurationIsVisible = 0;
			defaultConfigurationName = Release;
		};
		A0DA23A91EAABEBA00177DBE /* Build configuration list for PBXNativeTarget "Hamburger" */ = {
			isa = XCConfigurationList;
			buildConfigurations = (
				A0DA23AA1EAABEBA00177DBE /* Debug */,
				A0DA23AB1EAABEBA00177DBE /* Release */,
			);
			defaultConfigurationIsVisible = 0;
			defaultConfigurationName = Release;
		};
/* End XCConfigurationList section */
	};
	rootObject = A0DA238F1EAABEBA00177DBE /* Project object */;
}
